// !$*UTF8*$!
{
	archiveVersion = 1;
	classes = {
	};
	objectVersion = 56;
	objects = {

/* Begin PBXBuildFile section */
		525A6E762C7260C4008CCC7C /* fetchTakeHomeApp.swift in Sources */ = {isa = PBXBuildFile; fileRef = 525A6E752C7260C4008CCC7C /* fetchTakeHomeApp.swift */; };
		525A6E782C7260C4008CCC7C /* ContentView.swift in Sources */ = {isa = PBXBuildFile; fileRef = 525A6E772C7260C4008CCC7C /* ContentView.swift */; };
		525A6E7A2C7260C5008CCC7C /* Assets.xcassets in Resources */ = {isa = PBXBuildFile; fileRef = 525A6E792C7260C5008CCC7C /* Assets.xcassets */; };
		525A6E7D2C7260C5008CCC7C /* Preview Assets.xcassets in Resources */ = {isa = PBXBuildFile; fileRef = 525A6E7C2C7260C5008CCC7C /* Preview Assets.xcassets */; };
		525A6EA12C7409FE008CCC7C /* Meal.swift in Sources */ = {isa = PBXBuildFile; fileRef = 525A6EA02C7409FE008CCC7C /* Meal.swift */; };
		525A6EA42C740ECA008CCC7C /* MealListViewModel.swift in Sources */ = {isa = PBXBuildFile; fileRef = 525A6EA32C740ECA008CCC7C /* MealListViewModel.swift */; };
		525A6EA72C740F33008CCC7C /* NetworkManager.swift in Sources */ = {isa = PBXBuildFile; fileRef = 525A6EA62C740F33008CCC7C /* NetworkManager.swift */; };
		525A6EAC2C741815008CCC7C /* MealListView.swift in Sources */ = {isa = PBXBuildFile; fileRef = 525A6EAB2C741815008CCC7C /* MealListView.swift */; };
		525A6EAE2C74F5F9008CCC7C /* MealDetails.swift in Sources */ = {isa = PBXBuildFile; fileRef = 525A6EAD2C74F5F9008CCC7C /* MealDetails.swift */; };
		525A6EB02C751DBE008CCC7C /* MealDetailsViewModel.swift in Sources */ = {isa = PBXBuildFile; fileRef = 525A6EAF2C751DBE008CCC7C /* MealDetailsViewModel.swift */; };
		525A6EB22C751F63008CCC7C /* MealDetailsView.swift in Sources */ = {isa = PBXBuildFile; fileRef = 525A6EB12C751F63008CCC7C /* MealDetailsView.swift */; };
		525A6EB42C7A81F7008CCC7C /* NetworkError.swift in Sources */ = {isa = PBXBuildFile; fileRef = 525A6EB32C7A81F7008CCC7C /* NetworkError.swift */; };
		525A6EB72C7BB68E008CCC7C /* MealImageView.swift in Sources */ = {isa = PBXBuildFile; fileRef = 525A6EB62C7BB68E008CCC7C /* MealImageView.swift */; };
		525A6EBB2C7BBF8E008CCC7C /* NetworkManagerTests.swift in Sources */ = {isa = PBXBuildFile; fileRef = 525A6EBA2C7BBF8E008CCC7C /* NetworkManagerTests.swift */; };
		525A6EBD2C7BC1E5008CCC7C /* MockURLSession.swift in Sources */ = {isa = PBXBuildFile; fileRef = 525A6EB82C7BBF52008CCC7C /* MockURLSession.swift */; };
		525A6EBF2C7BDCE3008CCC7C /* MockNetworkManager.swift in Sources */ = {isa = PBXBuildFile; fileRef = 525A6EBE2C7BDCE3008CCC7C /* MockNetworkManager.swift */; };
		525A6EC12C7BE097008CCC7C /* MealListsViewModelTests.swift in Sources */ = {isa = PBXBuildFile; fileRef = 525A6EC02C7BE097008CCC7C /* MealListsViewModelTests.swift */; };
		52820F992C7BE7B100DD50C6 /* MealDetailsViewModelTests.swift in Sources */ = {isa = PBXBuildFile; fileRef = 52820F982C7BE7B100DD50C6 /* MealDetailsViewModelTests.swift */; };
/* End PBXBuildFile section */

/* Begin PBXContainerItemProxy section */
		525A6E832C7260C5008CCC7C /* PBXContainerItemProxy */ = {
			isa = PBXContainerItemProxy;
			containerPortal = 525A6E6A2C7260C4008CCC7C /* Project object */;
			proxyType = 1;
			remoteGlobalIDString = 525A6E712C7260C4008CCC7C;
			remoteInfo = fetchTakeHome;
		};
/* End PBXContainerItemProxy section */

/* Begin PBXFileReference section */
		525A6E722C7260C4008CCC7C /* fetchTakeHome.app */ = {isa = PBXFileReference; explicitFileType = wrapper.application; includeInIndex = 0; path = fetchTakeHome.app; sourceTree = BUILT_PRODUCTS_DIR; };
		525A6E752C7260C4008CCC7C /* fetchTakeHomeApp.swift */ = {isa = PBXFileReference; lastKnownFileType = sourcecode.swift; path = fetchTakeHomeApp.swift; sourceTree = "<group>"; };
		525A6E772C7260C4008CCC7C /* ContentView.swift */ = {isa = PBXFileReference; lastKnownFileType = sourcecode.swift; path = ContentView.swift; sourceTree = "<group>"; };
		525A6E792C7260C5008CCC7C /* Assets.xcassets */ = {isa = PBXFileReference; lastKnownFileType = folder.assetcatalog; path = Assets.xcassets; sourceTree = "<group>"; };
		525A6E7C2C7260C5008CCC7C /* Preview Assets.xcassets */ = {isa = PBXFileReference; lastKnownFileType = folder.assetcatalog; path = "Preview Assets.xcassets"; sourceTree = "<group>"; };
		525A6E822C7260C5008CCC7C /* fetchTakeHomeTests.xctest */ = {isa = PBXFileReference; explicitFileType = wrapper.cfbundle; includeInIndex = 0; path = fetchTakeHomeTests.xctest; sourceTree = BUILT_PRODUCTS_DIR; };
		525A6EA02C7409FE008CCC7C /* Meal.swift */ = {isa = PBXFileReference; lastKnownFileType = sourcecode.swift; path = Meal.swift; sourceTree = "<group>"; };
		525A6EA32C740ECA008CCC7C /* MealListViewModel.swift */ = {isa = PBXFileReference; lastKnownFileType = sourcecode.swift; path = MealListViewModel.swift; sourceTree = "<group>"; };
		525A6EA62C740F33008CCC7C /* NetworkManager.swift */ = {isa = PBXFileReference; lastKnownFileType = sourcecode.swift; path = NetworkManager.swift; sourceTree = "<group>"; };
		525A6EAB2C741815008CCC7C /* MealListView.swift */ = {isa = PBXFileReference; lastKnownFileType = sourcecode.swift; path = MealListView.swift; sourceTree = "<group>"; };
		525A6EAD2C74F5F9008CCC7C /* MealDetails.swift */ = {isa = PBXFileReference; lastKnownFileType = sourcecode.swift; path = MealDetails.swift; sourceTree = "<group>"; };
		525A6EAF2C751DBE008CCC7C /* MealDetailsViewModel.swift */ = {isa = PBXFileReference; lastKnownFileType = sourcecode.swift; path = MealDetailsViewModel.swift; sourceTree = "<group>"; };
		525A6EB12C751F63008CCC7C /* MealDetailsView.swift */ = {isa = PBXFileReference; lastKnownFileType = sourcecode.swift; path = MealDetailsView.swift; sourceTree = "<group>"; };
		525A6EB32C7A81F7008CCC7C /* NetworkError.swift */ = {isa = PBXFileReference; lastKnownFileType = sourcecode.swift; path = NetworkError.swift; sourceTree = "<group>"; };
		525A6EB62C7BB68E008CCC7C /* MealImageView.swift */ = {isa = PBXFileReference; lastKnownFileType = sourcecode.swift; path = MealImageView.swift; sourceTree = "<group>"; };
		525A6EB82C7BBF52008CCC7C /* MockURLSession.swift */ = {isa = PBXFileReference; lastKnownFileType = sourcecode.swift; path = MockURLSession.swift; sourceTree = "<group>"; };
		525A6EBA2C7BBF8E008CCC7C /* NetworkManagerTests.swift */ = {isa = PBXFileReference; lastKnownFileType = sourcecode.swift; path = NetworkManagerTests.swift; sourceTree = "<group>"; };
		525A6EBE2C7BDCE3008CCC7C /* MockNetworkManager.swift */ = {isa = PBXFileReference; lastKnownFileType = sourcecode.swift; path = MockNetworkManager.swift; sourceTree = "<group>"; };
		525A6EC02C7BE097008CCC7C /* MealListsViewModelTests.swift */ = {isa = PBXFileReference; lastKnownFileType = sourcecode.swift; path = MealListsViewModelTests.swift; sourceTree = "<group>"; };
		52820F982C7BE7B100DD50C6 /* MealDetailsViewModelTests.swift */ = {isa = PBXFileReference; lastKnownFileType = sourcecode.swift; path = MealDetailsViewModelTests.swift; sourceTree = "<group>"; };
/* End PBXFileReference section */

/* Begin PBXFrameworksBuildPhase section */
		525A6E6F2C7260C4008CCC7C /* Frameworks */ = {
			isa = PBXFrameworksBuildPhase;
			buildActionMask = 2147483647;
			files = (
			);
			runOnlyForDeploymentPostprocessing = 0;
		};
		525A6E7F2C7260C5008CCC7C /* Frameworks */ = {
			isa = PBXFrameworksBuildPhase;
			buildActionMask = 2147483647;
			files = (
			);
			runOnlyForDeploymentPostprocessing = 0;
		};
/* End PBXFrameworksBuildPhase section */

/* Begin PBXGroup section */
		525A6E692C7260C4008CCC7C = {
			isa = PBXGroup;
			children = (
				525A6E742C7260C4008CCC7C /* fetchTakeHome */,
				525A6E852C7260C5008CCC7C /* fetchTakeHomeTests */,
				525A6E732C7260C4008CCC7C /* Products */,
			);
			sourceTree = "<group>";
		};
		525A6E732C7260C4008CCC7C /* Products */ = {
			isa = PBXGroup;
			children = (
				525A6E722C7260C4008CCC7C /* fetchTakeHome.app */,
				525A6E822C7260C5008CCC7C /* fetchTakeHomeTests.xctest */,
			);
			name = Products;
			sourceTree = "<group>";
		};
		525A6E742C7260C4008CCC7C /* fetchTakeHome */ = {
			isa = PBXGroup;
			children = (
				525A6EBC2C7BC00F008CCC7C /* Mock */,
				525A6EB52C7BB61A008CCC7C /* ReusableViews */,
				525A6EA82C7417E7008CCC7C /* Views */,
				525A6EA52C740F22008CCC7C /* Networking */,
				525A6EA22C740E71008CCC7C /* ViewModels */,
				525A6E9F2C7409CB008CCC7C /* Models */,
				525A6E752C7260C4008CCC7C /* fetchTakeHomeApp.swift */,
				525A6E772C7260C4008CCC7C /* ContentView.swift */,
				525A6E792C7260C5008CCC7C /* Assets.xcassets */,
				525A6E7B2C7260C5008CCC7C /* Preview Content */,
			);
			path = fetchTakeHome;
			sourceTree = "<group>";
		};
		525A6E7B2C7260C5008CCC7C /* Preview Content */ = {
			isa = PBXGroup;
			children = (
				525A6E7C2C7260C5008CCC7C /* Preview Assets.xcassets */,
			);
			path = "Preview Content";
			sourceTree = "<group>";
		};
		525A6E852C7260C5008CCC7C /* fetchTakeHomeTests */ = {
			isa = PBXGroup;
			children = (
				525A6EBA2C7BBF8E008CCC7C /* NetworkManagerTests.swift */,
				525A6EC02C7BE097008CCC7C /* MealListsViewModelTests.swift */,
				52820F982C7BE7B100DD50C6 /* MealDetailsViewModelTests.swift */,
			);
			path = fetchTakeHomeTests;
			sourceTree = "<group>";
		};
		525A6E9F2C7409CB008CCC7C /* Models */ = {
			isa = PBXGroup;
			children = (
				525A6EA02C7409FE008CCC7C /* Meal.swift */,
				525A6EAD2C74F5F9008CCC7C /* MealDetails.swift */,
			);
			path = Models;
			sourceTree = "<group>";
		};
		525A6EA22C740E71008CCC7C /* ViewModels */ = {
			isa = PBXGroup;
			children = (
				525A6EA32C740ECA008CCC7C /* MealListViewModel.swift */,
				525A6EAF2C751DBE008CCC7C /* MealDetailsViewModel.swift */,
			);
			path = ViewModels;
			sourceTree = "<group>";
		};
		525A6EA52C740F22008CCC7C /* Networking */ = {
			isa = PBXGroup;
			children = (
				525A6EA62C740F33008CCC7C /* NetworkManager.swift */,
				525A6EB32C7A81F7008CCC7C /* NetworkError.swift */,
			);
			path = Networking;
			sourceTree = "<group>";
		};
		525A6EA82C7417E7008CCC7C /* Views */ = {
			isa = PBXGroup;
			children = (
				525A6EAB2C741815008CCC7C /* MealListView.swift */,
				525A6EB12C751F63008CCC7C /* MealDetailsView.swift */,
			);
			path = Views;
			sourceTree = "<group>";
		};
		525A6EB52C7BB61A008CCC7C /* ReusableViews */ = {
			isa = PBXGroup;
			children = (
				525A6EB62C7BB68E008CCC7C /* MealImageView.swift */,
			);
			path = ReusableViews;
			sourceTree = "<group>";
		};
		525A6EBC2C7BC00F008CCC7C /* Mock */ = {
			isa = PBXGroup;
			children = (
				525A6EB82C7BBF52008CCC7C /* MockURLSession.swift */,
				525A6EBE2C7BDCE3008CCC7C /* MockNetworkManager.swift */,
			);
			path = Mock;
			sourceTree = "<group>";
		};
/* End PBXGroup section */

/* Begin PBXNativeTarget section */
		525A6E712C7260C4008CCC7C /* fetchTakeHome */ = {
			isa = PBXNativeTarget;
			buildConfigurationList = 525A6E962C7260C5008CCC7C /* Build configuration list for PBXNativeTarget "fetchTakeHome" */;
			buildPhases = (
				525A6E6E2C7260C4008CCC7C /* Sources */,
				525A6E6F2C7260C4008CCC7C /* Frameworks */,
				525A6E702C7260C4008CCC7C /* Resources */,
			);
			buildRules = (
			);
			dependencies = (
			);
			name = fetchTakeHome;
			productName = fetchTakeHome;
			productReference = 525A6E722C7260C4008CCC7C /* fetchTakeHome.app */;
			productType = "com.apple.product-type.application";
		};
		525A6E812C7260C5008CCC7C /* fetchTakeHomeTests */ = {
			isa = PBXNativeTarget;
			buildConfigurationList = 525A6E992C7260C5008CCC7C /* Build configuration list for PBXNativeTarget "fetchTakeHomeTests" */;
			buildPhases = (
				525A6E7E2C7260C5008CCC7C /* Sources */,
				525A6E7F2C7260C5008CCC7C /* Frameworks */,
				525A6E802C7260C5008CCC7C /* Resources */,
			);
			buildRules = (
			);
			dependencies = (
				525A6E842C7260C5008CCC7C /* PBXTargetDependency */,
			);
			name = fetchTakeHomeTests;
			productName = fetchTakeHomeTests;
			productReference = 525A6E822C7260C5008CCC7C /* fetchTakeHomeTests.xctest */;
			productType = "com.apple.product-type.bundle.unit-test";
		};
/* End PBXNativeTarget section */

/* Begin PBXProject section */
		525A6E6A2C7260C4008CCC7C /* Project object */ = {
			isa = PBXProject;
			attributes = {
				BuildIndependentTargetsInParallel = 1;
				LastSwiftUpdateCheck = 1540;
				LastUpgradeCheck = 1540;
				TargetAttributes = {
					525A6E712C7260C4008CCC7C = {
						CreatedOnToolsVersion = 15.4;
					};
					525A6E812C7260C5008CCC7C = {
						CreatedOnToolsVersion = 15.4;
						TestTargetID = 525A6E712C7260C4008CCC7C;
					};
				};
			};
			buildConfigurationList = 525A6E6D2C7260C4008CCC7C /* Build configuration list for PBXProject "fetchTakeHome" */;
			compatibilityVersion = "Xcode 14.0";
			developmentRegion = en;
			hasScannedForEncodings = 0;
			knownRegions = (
				en,
				Base,
			);
			mainGroup = 525A6E692C7260C4008CCC7C;
			productRefGroup = 525A6E732C7260C4008CCC7C /* Products */;
			projectDirPath = "";
			projectRoot = "";
			targets = (
				525A6E712C7260C4008CCC7C /* fetchTakeHome */,
				525A6E812C7260C5008CCC7C /* fetchTakeHomeTests */,
			);
		};
/* End PBXProject section */

/* Begin PBXResourcesBuildPhase section */
		525A6E702C7260C4008CCC7C /* Resources */ = {
			isa = PBXResourcesBuildPhase;
			buildActionMask = 2147483647;
			files = (
				525A6E7D2C7260C5008CCC7C /* Preview Assets.xcassets in Resources */,
				525A6E7A2C7260C5008CCC7C /* Assets.xcassets in Resources */,
			);
			runOnlyForDeploymentPostprocessing = 0;
		};
		525A6E802C7260C5008CCC7C /* Resources */ = {
			isa = PBXResourcesBuildPhase;
			buildActionMask = 2147483647;
			files = (
			);
			runOnlyForDeploymentPostprocessing = 0;
		};
/* End PBXResourcesBuildPhase section */

/* Begin PBXSourcesBuildPhase section */
		525A6E6E2C7260C4008CCC7C /* Sources */ = {
			isa = PBXSourcesBuildPhase;
			buildActionMask = 2147483647;
			files = (
				525A6EBD2C7BC1E5008CCC7C /* MockURLSession.swift in Sources */,
				525A6EBF2C7BDCE3008CCC7C /* MockNetworkManager.swift in Sources */,
				525A6E782C7260C4008CCC7C /* ContentView.swift in Sources */,
				525A6EB22C751F63008CCC7C /* MealDetailsView.swift in Sources */,
				525A6EA42C740ECA008CCC7C /* MealListViewModel.swift in Sources */,
				525A6EA12C7409FE008CCC7C /* Meal.swift in Sources */,
				525A6EB72C7BB68E008CCC7C /* MealImageView.swift in Sources */,
				525A6EAE2C74F5F9008CCC7C /* MealDetails.swift in Sources */,
				525A6EA72C740F33008CCC7C /* NetworkManager.swift in Sources */,
				525A6E762C7260C4008CCC7C /* fetchTakeHomeApp.swift in Sources */,
				525A6EB02C751DBE008CCC7C /* MealDetailsViewModel.swift in Sources */,
				525A6EAC2C741815008CCC7C /* MealListView.swift in Sources */,
				525A6EB42C7A81F7008CCC7C /* NetworkError.swift in Sources */,
			);
			runOnlyForDeploymentPostprocessing = 0;
		};
		525A6E7E2C7260C5008CCC7C /* Sources */ = {
			isa = PBXSourcesBuildPhase;
			buildActionMask = 2147483647;
			files = (
				525A6EBB2C7BBF8E008CCC7C /* NetworkManagerTests.swift in Sources */,
				52820F992C7BE7B100DD50C6 /* MealDetailsViewModelTests.swift in Sources */,
				525A6EC12C7BE097008CCC7C /* MealListsViewModelTests.swift in Sources */,
			);
			runOnlyForDeploymentPostprocessing = 0;
		};
/* End PBXSourcesBuildPhase section */

/* Begin PBXTargetDependency section */
		525A6E842C7260C5008CCC7C /* PBXTargetDependency */ = {
			isa = PBXTargetDependency;
			target = 525A6E712C7260C4008CCC7C /* fetchTakeHome */;
			targetProxy = 525A6E832C7260C5008CCC7C /* PBXContainerItemProxy */;
		};
/* End PBXTargetDependency section */

/* Begin XCBuildConfiguration section */
		525A6E942C7260C5008CCC7C /* Debug */ = {
			isa = XCBuildConfiguration;
			buildSettings = {
				ALWAYS_SEARCH_USER_PATHS = NO;
				ASSETCATALOG_COMPILER_GENERATE_SWIFT_ASSET_SYMBOL_EXTENSIONS = YES;
				CLANG_ANALYZER_NONNULL = YES;
				CLANG_ANALYZER_NUMBER_OBJECT_CONVERSION = YES_AGGRESSIVE;
				CLANG_CXX_LANGUAGE_STANDARD = "gnu++20";
				CLANG_ENABLE_MODULES = YES;
				CLANG_ENABLE_OBJC_ARC = YES;
				CLANG_ENABLE_OBJC_WEAK = YES;
				CLANG_WARN_BLOCK_CAPTURE_AUTORELEASING = YES;
				CLANG_WARN_BOOL_CONVERSION = YES;
				CLANG_WARN_COMMA = YES;
				CLANG_WARN_CONSTANT_CONVERSION = YES;
				CLANG_WARN_DEPRECATED_OBJC_IMPLEMENTATIONS = YES;
				CLANG_WARN_DIRECT_OBJC_ISA_USAGE = YES_ERROR;
				CLANG_WARN_DOCUMENTATION_COMMENTS = YES;
				CLANG_WARN_EMPTY_BODY = YES;
				CLANG_WARN_ENUM_CONVERSION = YES;
				CLANG_WARN_INFINITE_RECURSION = YES;
				CLANG_WARN_INT_CONVERSION = YES;
				CLANG_WARN_NON_LITERAL_NULL_CONVERSION = YES;
				CLANG_WARN_OBJC_IMPLICIT_RETAIN_SELF = YES;
				CLANG_WARN_OBJC_LITERAL_CONVERSION = YES;
				CLANG_WARN_OBJC_ROOT_CLASS = YES_ERROR;
				CLANG_WARN_QUOTED_INCLUDE_IN_FRAMEWORK_HEADER = YES;
				CLANG_WARN_RANGE_LOOP_ANALYSIS = YES;
				CLANG_WARN_STRICT_PROTOTYPES = YES;
				CLANG_WARN_SUSPICIOUS_MOVE = YES;
				CLANG_WARN_UNGUARDED_AVAILABILITY = YES_AGGRESSIVE;
				CLANG_WARN_UNREACHABLE_CODE = YES;
				CLANG_WARN__DUPLICATE_METHOD_MATCH = YES;
				COPY_PHASE_STRIP = NO;
				DEBUG_INFORMATION_FORMAT = dwarf;
				ENABLE_STRICT_OBJC_MSGSEND = YES;
				ENABLE_TESTABILITY = YES;
				ENABLE_USER_SCRIPT_SANDBOXING = YES;
				GCC_C_LANGUAGE_STANDARD = gnu17;
				GCC_DYNAMIC_NO_PIC = NO;
				GCC_NO_COMMON_BLOCKS = YES;
				GCC_OPTIMIZATION_LEVEL = 0;
				GCC_PREPROCESSOR_DEFINITIONS = (
					"DEBUG=1",
					"$(inherited)",
				);
				GCC_WARN_64_TO_32_BIT_CONVERSION = YES;
				GCC_WARN_ABOUT_RETURN_TYPE = YES_ERROR;
				GCC_WARN_UNDECLARED_SELECTOR = YES;
				GCC_WARN_UNINITIALIZED_AUTOS = YES_AGGRESSIVE;
				GCC_WARN_UNUSED_FUNCTION = YES;
				GCC_WARN_UNUSED_VARIABLE = YES;
				IPHONEOS_DEPLOYMENT_TARGET = 17.5;
				LOCALIZATION_PREFERS_STRING_CATALOGS = YES;
				MTL_ENABLE_DEBUG_INFO = INCLUDE_SOURCE;
				MTL_FAST_MATH = YES;
				ONLY_ACTIVE_ARCH = YES;
				SDKROOT = iphoneos;
				SWIFT_ACTIVE_COMPILATION_CONDITIONS = "DEBUG $(inherited)";
				SWIFT_OPTIMIZATION_LEVEL = "-Onone";
			};
			name = Debug;
		};
		525A6E952C7260C5008CCC7C /* Release */ = {
			isa = XCBuildConfiguration;
			buildSettings = {
				ALWAYS_SEARCH_USER_PATHS = NO;
				ASSETCATALOG_COMPILER_GENERATE_SWIFT_ASSET_SYMBOL_EXTENSIONS = YES;
				CLANG_ANALYZER_NONNULL = YES;
				CLANG_ANALYZER_NUMBER_OBJECT_CONVERSION = YES_AGGRESSIVE;
				CLANG_CXX_LANGUAGE_STANDARD = "gnu++20";
				CLANG_ENABLE_MODULES = YES;
				CLANG_ENABLE_OBJC_ARC = YES;
				CLANG_ENABLE_OBJC_WEAK = YES;
				CLANG_WARN_BLOCK_CAPTURE_AUTORELEASING = YES;
				CLANG_WARN_BOOL_CONVERSION = YES;
				CLANG_WARN_COMMA = YES;
				CLANG_WARN_CONSTANT_CONVERSION = YES;
				CLANG_WARN_DEPRECATED_OBJC_IMPLEMENTATIONS = YES;
				CLANG_WARN_DIRECT_OBJC_ISA_USAGE = YES_ERROR;
				CLANG_WARN_DOCUMENTATION_COMMENTS = YES;
				CLANG_WARN_EMPTY_BODY = YES;
				CLANG_WARN_ENUM_CONVERSION = YES;
				CLANG_WARN_INFINITE_RECURSION = YES;
				CLANG_WARN_INT_CONVERSION = YES;
				CLANG_WARN_NON_LITERAL_NULL_CONVERSION = YES;
				CLANG_WARN_OBJC_IMPLICIT_RETAIN_SELF = YES;
				CLANG_WARN_OBJC_LITERAL_CONVERSION = YES;
				CLANG_WARN_OBJC_ROOT_CLASS = YES_ERROR;
				CLANG_WARN_QUOTED_INCLUDE_IN_FRAMEWORK_HEADER = YES;
				CLANG_WARN_RANGE_LOOP_ANALYSIS = YES;
				CLANG_WARN_STRICT_PROTOTYPES = YES;
				CLANG_WARN_SUSPICIOUS_MOVE = YES;
				CLANG_WARN_UNGUARDED_AVAILABILITY = YES_AGGRESSIVE;
				CLANG_WARN_UNREACHABLE_CODE = YES;
				CLANG_WARN__DUPLICATE_METHOD_MATCH = YES;
				COPY_PHASE_STRIP = NO;
				DEBUG_INFORMATION_FORMAT = "dwarf-with-dsym";
				ENABLE_NS_ASSERTIONS = NO;
				ENABLE_STRICT_OBJC_MSGSEND = YES;
				ENABLE_USER_SCRIPT_SANDBOXING = YES;
				GCC_C_LANGUAGE_STANDARD = gnu17;
				GCC_NO_COMMON_BLOCKS = YES;
				GCC_WARN_64_TO_32_BIT_CONVERSION = YES;
				GCC_WARN_ABOUT_RETURN_TYPE = YES_ERROR;
				GCC_WARN_UNDECLARED_SELECTOR = YES;
				GCC_WARN_UNINITIALIZED_AUTOS = YES_AGGRESSIVE;
				GCC_WARN_UNUSED_FUNCTION = YES;
				GCC_WARN_UNUSED_VARIABLE = YES;
				IPHONEOS_DEPLOYMENT_TARGET = 17.5;
				LOCALIZATION_PREFERS_STRING_CATALOGS = YES;
				MTL_ENABLE_DEBUG_INFO = NO;
				MTL_FAST_MATH = YES;
				SDKROOT = iphoneos;
				SWIFT_COMPILATION_MODE = wholemodule;
				VALIDATE_PRODUCT = YES;
			};
			name = Release;
		};
		525A6E972C7260C5008CCC7C /* Debug */ = {
			isa = XCBuildConfiguration;
			buildSettings = {
				ASSETCATALOG_COMPILER_APPICON_NAME = AppIcon;
				ASSETCATALOG_COMPILER_GLOBAL_ACCENT_COLOR_NAME = AccentColor;
				CODE_SIGN_STYLE = Automatic;
				CURRENT_PROJECT_VERSION = 1;
				DEVELOPMENT_ASSET_PATHS = "\"fetchTakeHome/Preview Content\"";
				DEVELOPMENT_TEAM = 3RR7F7Z867;
				ENABLE_PREVIEWS = YES;
				GENERATE_INFOPLIST_FILE = YES;
				INFOPLIST_KEY_UIApplicationSceneManifest_Generation = YES;
				INFOPLIST_KEY_UIApplicationSupportsIndirectInputEvents = YES;
				INFOPLIST_KEY_UILaunchScreen_Generation = YES;
				INFOPLIST_KEY_UISupportedInterfaceOrientations_iPad = "UIInterfaceOrientationPortrait UIInterfaceOrientationPortraitUpsideDown UIInterfaceOrientationLandscapeLeft UIInterfaceOrientationLandscapeRight";
				INFOPLIST_KEY_UISupportedInterfaceOrientations_iPhone = "UIInterfaceOrientationPortrait UIInterfaceOrientationLandscapeLeft UIInterfaceOrientationLandscapeRight";
				LD_RUNPATH_SEARCH_PATHS = (
					"$(inherited)",
					"@executable_path/Frameworks",
				);
				MARKETING_VERSION = 1.0;
				PRODUCT_BUNDLE_IDENTIFIER = com.rojee.fetchTakeHome;
				PRODUCT_NAME = "$(TARGET_NAME)";
				SWIFT_EMIT_LOC_STRINGS = YES;
				SWIFT_VERSION = 5.0;
				TARGETED_DEVICE_FAMILY = "1,2";
			};
			name = Debug;
		};
		525A6E982C7260C5008CCC7C /* Release */ = {
			isa = XCBuildConfiguration;
			buildSettings = {
				ASSETCATALOG_COMPILER_APPICON_NAME = AppIcon;
				ASSETCATALOG_COMPILER_GLOBAL_ACCENT_COLOR_NAME = AccentColor;
				CODE_SIGN_STYLE = Automatic;
				CURRENT_PROJECT_VERSION = 1;
				DEVELOPMENT_ASSET_PATHS = "\"fetchTakeHome/Preview Content\"";
				DEVELOPMENT_TEAM = 3RR7F7Z867;
				ENABLE_PREVIEWS = YES;
				GENERATE_INFOPLIST_FILE = YES;
				INFOPLIST_KEY_UIApplicationSceneManifest_Generation = YES;
				INFOPLIST_KEY_UIApplicationSupportsIndirectInputEvents = YES;
				INFOPLIST_KEY_UILaunchScreen_Generation = YES;
				INFOPLIST_KEY_UISupportedInterfaceOrientations_iPad = "UIInterfaceOrientationPortrait UIInterfaceOrientationPortraitUpsideDown UIInterfaceOrientationLandscapeLeft UIInterfaceOrientationLandscapeRight";
				INFOPLIST_KEY_UISupportedInterfaceOrientations_iPhone = "UIInterfaceOrientationPortrait UIInterfaceOrientationLandscapeLeft UIInterfaceOrientationLandscapeRight";
				LD_RUNPATH_SEARCH_PATHS = (
					"$(inherited)",
					"@executable_path/Frameworks",
				);
				MARKETING_VERSION = 1.0;
				PRODUCT_BUNDLE_IDENTIFIER = com.rojee.fetchTakeHome;
				PRODUCT_NAME = "$(TARGET_NAME)";
				SWIFT_EMIT_LOC_STRINGS = YES;
				SWIFT_VERSION = 5.0;
				TARGETED_DEVICE_FAMILY = "1,2";
			};
			name = Release;
		};
		525A6E9A2C7260C5008CCC7C /* Debug */ = {
			isa = XCBuildConfiguration;
			buildSettings = {
				ALWAYS_EMBED_SWIFT_STANDARD_LIBRARIES = YES;
				BUNDLE_LOADER = "$(TEST_HOST)";
				CODE_SIGN_STYLE = Automatic;
				CURRENT_PROJECT_VERSION = 1;
				DEVELOPMENT_TEAM = 3RR7F7Z867;
				GENERATE_INFOPLIST_FILE = YES;
				IPHONEOS_DEPLOYMENT_TARGET = 17.5;
				MARKETING_VERSION = 1.0;
				PRODUCT_BUNDLE_IDENTIFIER = com.rojee.fetchTakeHomeTests;
				PRODUCT_NAME = "$(TARGET_NAME)";
				SWIFT_EMIT_LOC_STRINGS = NO;
				SWIFT_VERSION = 5.0;
				TARGETED_DEVICE_FAMILY = "1,2";
				TEST_HOST = "$(BUILT_PRODUCTS_DIR)/fetchTakeHome.app/$(BUNDLE_EXECUTABLE_FOLDER_PATH)/fetchTakeHome";
			};
			name = Debug;
		};
		525A6E9B2C7260C5008CCC7C /* Release */ = {
			isa = XCBuildConfiguration;
			buildSettings = {
				ALWAYS_EMBED_SWIFT_STANDARD_LIBRARIES = YES;
				BUNDLE_LOADER = "$(TEST_HOST)";
				CODE_SIGN_STYLE = Automatic;
				CURRENT_PROJECT_VERSION = 1;
				DEVELOPMENT_TEAM = 3RR7F7Z867;
				GENERATE_INFOPLIST_FILE = YES;
				IPHONEOS_DEPLOYMENT_TARGET = 17.5;
				MARKETING_VERSION = 1.0;
				PRODUCT_BUNDLE_IDENTIFIER = com.rojee.fetchTakeHomeTests;
				PRODUCT_NAME = "$(TARGET_NAME)";
				SWIFT_EMIT_LOC_STRINGS = NO;
				SWIFT_VERSION = 5.0;
				TARGETED_DEVICE_FAMILY = "1,2";
				TEST_HOST = "$(BUILT_PRODUCTS_DIR)/fetchTakeHome.app/$(BUNDLE_EXECUTABLE_FOLDER_PATH)/fetchTakeHome";
			};
			name = Release;
		};
/* End XCBuildConfiguration section */

/* Begin XCConfigurationList section */
		525A6E6D2C7260C4008CCC7C /* Build configuration list for PBXProject "fetchTakeHome" */ = {
			isa = XCConfigurationList;
			buildConfigurations = (
				525A6E942C7260C5008CCC7C /* Debug */,
				525A6E952C7260C5008CCC7C /* Release */,
			);
			defaultConfigurationIsVisible = 0;
			defaultConfigurationName = Release;
		};
		525A6E962C7260C5008CCC7C /* Build configuration list for PBXNativeTarget "fetchTakeHome" */ = {
			isa = XCConfigurationList;
			buildConfigurations = (
				525A6E972C7260C5008CCC7C /* Debug */,
				525A6E982C7260C5008CCC7C /* Release */,
			);
			defaultConfigurationIsVisible = 0;
			defaultConfigurationName = Release;
		};
		525A6E992C7260C5008CCC7C /* Build configuration list for PBXNativeTarget "fetchTakeHomeTests" */ = {
			isa = XCConfigurationList;
			buildConfigurations = (
				525A6E9A2C7260C5008CCC7C /* Debug */,
				525A6E9B2C7260C5008CCC7C /* Release */,
			);
			defaultConfigurationIsVisible = 0;
			defaultConfigurationName = Release;
		};
/* End XCConfigurationList section */
	};
	rootObject = 525A6E6A2C7260C4008CCC7C /* Project object */;
}
